
Microsoft Visual Studio Solution File, Format Version 12.00
# Visual Studio Version 16
VisualStudioVersion = 16.0.30128.74
MinimumVisualStudioVersion = 10.0.40219.1
Project("{FAE04EC0-301F-11D3-BF4B-00C04F79EFBC}") = "DesignPattern", "DesignPattern.csproj", "{6A392E8D-FCF8-4D72-B5FE-624F71E99807}"
EndProject
Project("{2150E333-8FDC-42A3-9474-1A3956D46DE8}") = "Capitolo 4", "Capitolo 4", "{EF1FB285-09F0-4D22-B360-2A299F08E304}"
EndProject
Project("{FAE04EC0-301F-11D3-BF4B-00C04F79EFBC}") = "Singleton", "Capitolo 4\Singleton\Singleton.csproj", "{13F494E7-6DAC-4D06-9DAE-F4D3A93F1119}"
EndProject
Global
	GlobalSection(SolutionConfigurationPlatforms) = preSolution
		Debug|Any CPU = Debug|Any CPU
		Release|Any CPU = Release|Any CPU
	EndGlobalSection
	GlobalSection(ProjectConfigurationPlatforms) = postSolution
		{6A392E8D-FCF8-4D72-B5FE-624F71E99807}.Debug|Any CPU.ActiveCfg = Debug|Any CPU
		{6A392E8D-FCF8-4D72-B5FE-624F71E99807}.Debug|Any CPU.Build.0 = Debug|Any CPU
		{6A392E8D-FCF8-4D72-B5FE-624F71E99807}.Release|Any CPU.ActiveCfg = Release|Any CPU
		{6A392E8D-FCF8-4D72-B5FE-624F71E99807}.Release|Any CPU.Build.0 = Release|Any CPU
		{13F494E7-6DAC-4D06-9DAE-F4D3A93F1119}.Debug|Any CPU.ActiveCfg = Debug|Any CPU
		{13F494E7-6DAC-4D06-9DAE-F4D3A93F1119}.Debug|Any CPU.Build.0 = Debug|Any CPU
		{13F494E7-6DAC-4D06-9DAE-F4D3A93F1119}.Release|Any CPU.ActiveCfg = Release|Any CPU
		{13F494E7-6DAC-4D06-9DAE-F4D3A93F1119}.Release|Any CPU.Build.0 = Release|Any CPU
	EndGlobalSection
	GlobalSection(SolutionProperties) = preSolution
		HideSolutionNode = FALSE
	EndGlobalSection
	GlobalSection(NestedProjects) = preSolution
		{13F494E7-6DAC-4D06-9DAE-F4D3A93F1119} = {EF1FB285-09F0-4D22-B360-2A299F08E304}
	EndGlobalSection
	GlobalSection(ExtensibilityGlobals) = postSolution
		SolutionGuid = {4DE9BA25-D100-42A3-A4F9-C9E35D217944}
	EndGlobalSection
EndGlobal
