
Microsoft Visual Studio Solution File, Format Version 12.00
# Visual Studio 15
VisualStudioVersion = 15.0.28307.1209
MinimumVisualStudioVersion = 10.0.40219.1
Project("{FAE04EC0-301F-11D3-BF4B-00C04F79EFBC}") = "DesignPattern", "DesignPattern.csproj", "{6A392E8D-FCF8-4D72-B5FE-624F71E99807}"
EndProject
Project("{2150E333-8FDC-42A3-9474-1A3956D46DE8}") = "Creational Patterns", "Creational Patterns", "{EF1FB285-09F0-4D22-B360-2A299F08E304}"
EndProject
Project("{FAE04EC0-301F-11D3-BF4B-00C04F79EFBC}") = "Singleton", "Capitolo 4\Singleton\Singleton.csproj", "{13F494E7-6DAC-4D06-9DAE-F4D3A93F1119}"
EndProject
Project("{FAE04EC0-301F-11D3-BF4B-00C04F79EFBC}") = "Abstract Factory", "Capitolo 4\Abstract Factory\Abstract Factory.csproj", "{231C64A5-0EAE-46CC-9149-F8BF77F00B63}"
EndProject
Project("{FAE04EC0-301F-11D3-BF4B-00C04F79EFBC}") = "Builder", "Capitolo 4\Builder\Builder.csproj", "{908C001F-B9B4-4A46-881F-F1FDBA7A7CC0}"
EndProject
Project("{FAE04EC0-301F-11D3-BF4B-00C04F79EFBC}") = "Factory Method", "Capitolo 4\Factory Method\Factory Method.csproj", "{1B1F9631-E0F8-4298-90B1-DA30913604A8}"
EndProject
Project("{FAE04EC0-301F-11D3-BF4B-00C04F79EFBC}") = "Prototype", "Capitolo 4\Prototype\Prototype.csproj", "{A1DABC83-965D-408D-9181-CA0DCDCAB639}"
EndProject
Project("{FAE04EC0-301F-11D3-BF4B-00C04F79EFBC}") = "TestPatterns", "TestPatterns\TestPatterns.csproj", "{C82AF99B-0B6E-46DE-BC08-56D3C180DD78}"
EndProject
Project("{2150E333-8FDC-42A3-9474-1A3956D46DE8}") = "Software Design", "Software Design", "{E51DF2B3-DB11-4C7A-BACD-802B6B602252}"
EndProject
Project("{FAE04EC0-301F-11D3-BF4B-00C04F79EFBC}") = "Single Responsibility", "Capitolo 3\Single Responsibility\Single Responsibility.csproj", "{A6CCCBE7-F256-4FC2-811F-5738644965A5}"
EndProject
Project("{2150E333-8FDC-42A3-9474-1A3956D46DE8}") = "Structural Patterns", "Structural Patterns", "{6104B755-0E5D-43C2-91F5-B4F676C1E858}"
EndProject
Project("{2150E333-8FDC-42A3-9474-1A3956D46DE8}") = "Behavioral Patterns", "Behavioral Patterns", "{8FE4291E-6F74-4C29-833F-46E7D05E01A9}"
EndProject
Project("{FAE04EC0-301F-11D3-BF4B-00C04F79EFBC}") = "Object Adapter", "Structural Patterns\ADapter\Object Adapter.csproj", "{54F26A42-2FDA-4144-A802-B5122ABE42B0}"
EndProject
Project("{FAE04EC0-301F-11D3-BF4B-00C04F79EFBC}") = "EsempioAdapter", "Structural Patterns\Adapter\EsempioAdapter\EsempioAdapter.csproj", "{C3EEA298-69AE-4AB5-A3B0-165296C71BC9}"
EndProject
Project("{FAE04EC0-301F-11D3-BF4B-00C04F79EFBC}") = "Class Adapter", "Structural Patterns\Class Adapter\Class Adapter.csproj", "{CE2BAEF2-5EFE-4C9B-96D7-4EE9E736D77A}"
EndProject
Project("{FAE04EC0-301F-11D3-BF4B-00C04F79EFBC}") = "Bridge Logger", "Structural Patterns\Bridge Logger\Bridge Logger.csproj", "{48EABF87-4606-4029-9A33-24BEBA089CFA}"
EndProject
Project("{FAE04EC0-301F-11D3-BF4B-00C04F79EFBC}") = "Composite UI", "Structural Patterns\Composite UI\Composite UI.csproj", "{4118D1AE-5A3A-4FCD-B08A-C5CA1043DF4D}"
EndProject
Project("{FAE04EC0-301F-11D3-BF4B-00C04F79EFBC}") = "Decorator", "Structural Patterns\Decorator\Decorator.csproj", "{2F51D155-179A-4DF2-8B4B-C9C7A54ECBDD}"
EndProject
Project("{FAE04EC0-301F-11D3-BF4B-00C04F79EFBC}") = "Facade", "Structural Patterns\Facade\Facade.csproj", "{19FF3A4E-139A-46AA-B2E4-8A209E4C237F}"
EndProject
Project("{FAE04EC0-301F-11D3-BF4B-00C04F79EFBC}") = "Flyweight", "Structural Patterns\Flyweight\Flyweight.csproj", "{C43EF840-BC0D-4B0B-9A66-A0B394623C4D}"
EndProject
Project("{FAE04EC0-301F-11D3-BF4B-00C04F79EFBC}") = "VirtualProxy", "Structural Patterns\VirtualProxy\VirtualProxy.csproj", "{AB399E7A-FE87-48B9-9730-5C497F9A2A70}"
EndProject
Project("{FAE04EC0-301F-11D3-BF4B-00C04F79EFBC}") = "ProtectionProxy", "Structural Patterns\ProtectionProxy\ProtectionProxy.csproj", "{3856B451-C10D-484E-8DF7-80A59EAC92E3}"
EndProject
Project("{FAE04EC0-301F-11D3-BF4B-00C04F79EFBC}") = "Chain Of Responsibility", "Behavioral Patterns\Chain Of Responsibility\Chain Of Responsibility.csproj", "{AC5CDC85-A330-44B2-8635-26B169CDB85B}"
EndProject
Project("{FAE04EC0-301F-11D3-BF4B-00C04F79EFBC}") = "Command", "Behavioral Patterns\Command\Command.csproj", "{CCEC7431-475E-4B41-9332-7C7E62FC2F32}"
EndProject
Project("{FAE04EC0-301F-11D3-BF4B-00C04F79EFBC}") = "Interpreter", "Behavioral Patterns\Interpreter\Interpreter.csproj", "{19F635F9-061A-4B83-85A8-04E4227CF925}"
EndProject
Project("{FAE04EC0-301F-11D3-BF4B-00C04F79EFBC}") = "Iterator", "Iterator\Iterator.csproj", "{6E4CDDAA-2DE5-474C-B43D-E09B8015D9B1}"
EndProject
Project("{FAE04EC0-301F-11D3-BF4B-00C04F79EFBC}") = "Mediator", "Behavioral Patterns\Mediator\Mediator.csproj", "{40BA13E6-F783-40F3-8509-B521A21AC380}"
EndProject
Global
	GlobalSection(SolutionConfigurationPlatforms) = preSolution
		Debug|Any CPU = Debug|Any CPU
		Release|Any CPU = Release|Any CPU
	EndGlobalSection
	GlobalSection(ProjectConfigurationPlatforms) = postSolution
		{6A392E8D-FCF8-4D72-B5FE-624F71E99807}.Debug|Any CPU.ActiveCfg = Debug|Any CPU
		{6A392E8D-FCF8-4D72-B5FE-624F71E99807}.Debug|Any CPU.Build.0 = Debug|Any CPU
		{6A392E8D-FCF8-4D72-B5FE-624F71E99807}.Release|Any CPU.ActiveCfg = Release|Any CPU
		{6A392E8D-FCF8-4D72-B5FE-624F71E99807}.Release|Any CPU.Build.0 = Release|Any CPU
		{13F494E7-6DAC-4D06-9DAE-F4D3A93F1119}.Debug|Any CPU.ActiveCfg = Debug|Any CPU
		{13F494E7-6DAC-4D06-9DAE-F4D3A93F1119}.Debug|Any CPU.Build.0 = Debug|Any CPU
		{13F494E7-6DAC-4D06-9DAE-F4D3A93F1119}.Release|Any CPU.ActiveCfg = Release|Any CPU
		{13F494E7-6DAC-4D06-9DAE-F4D3A93F1119}.Release|Any CPU.Build.0 = Release|Any CPU
		{231C64A5-0EAE-46CC-9149-F8BF77F00B63}.Debug|Any CPU.ActiveCfg = Debug|Any CPU
		{231C64A5-0EAE-46CC-9149-F8BF77F00B63}.Debug|Any CPU.Build.0 = Debug|Any CPU
		{231C64A5-0EAE-46CC-9149-F8BF77F00B63}.Release|Any CPU.ActiveCfg = Release|Any CPU
		{231C64A5-0EAE-46CC-9149-F8BF77F00B63}.Release|Any CPU.Build.0 = Release|Any CPU
		{908C001F-B9B4-4A46-881F-F1FDBA7A7CC0}.Debug|Any CPU.ActiveCfg = Debug|Any CPU
		{908C001F-B9B4-4A46-881F-F1FDBA7A7CC0}.Debug|Any CPU.Build.0 = Debug|Any CPU
		{908C001F-B9B4-4A46-881F-F1FDBA7A7CC0}.Release|Any CPU.ActiveCfg = Release|Any CPU
		{908C001F-B9B4-4A46-881F-F1FDBA7A7CC0}.Release|Any CPU.Build.0 = Release|Any CPU
		{1B1F9631-E0F8-4298-90B1-DA30913604A8}.Debug|Any CPU.ActiveCfg = Debug|Any CPU
		{1B1F9631-E0F8-4298-90B1-DA30913604A8}.Debug|Any CPU.Build.0 = Debug|Any CPU
		{1B1F9631-E0F8-4298-90B1-DA30913604A8}.Release|Any CPU.ActiveCfg = Release|Any CPU
		{1B1F9631-E0F8-4298-90B1-DA30913604A8}.Release|Any CPU.Build.0 = Release|Any CPU
		{A1DABC83-965D-408D-9181-CA0DCDCAB639}.Debug|Any CPU.ActiveCfg = Debug|Any CPU
		{A1DABC83-965D-408D-9181-CA0DCDCAB639}.Debug|Any CPU.Build.0 = Debug|Any CPU
		{A1DABC83-965D-408D-9181-CA0DCDCAB639}.Release|Any CPU.ActiveCfg = Release|Any CPU
		{A1DABC83-965D-408D-9181-CA0DCDCAB639}.Release|Any CPU.Build.0 = Release|Any CPU
		{C82AF99B-0B6E-46DE-BC08-56D3C180DD78}.Debug|Any CPU.ActiveCfg = Debug|Any CPU
		{C82AF99B-0B6E-46DE-BC08-56D3C180DD78}.Debug|Any CPU.Build.0 = Debug|Any CPU
		{C82AF99B-0B6E-46DE-BC08-56D3C180DD78}.Release|Any CPU.ActiveCfg = Release|Any CPU
		{C82AF99B-0B6E-46DE-BC08-56D3C180DD78}.Release|Any CPU.Build.0 = Release|Any CPU
		{A6CCCBE7-F256-4FC2-811F-5738644965A5}.Debug|Any CPU.ActiveCfg = Debug|Any CPU
		{A6CCCBE7-F256-4FC2-811F-5738644965A5}.Debug|Any CPU.Build.0 = Debug|Any CPU
		{A6CCCBE7-F256-4FC2-811F-5738644965A5}.Release|Any CPU.ActiveCfg = Release|Any CPU
		{A6CCCBE7-F256-4FC2-811F-5738644965A5}.Release|Any CPU.Build.0 = Release|Any CPU
		{54F26A42-2FDA-4144-A802-B5122ABE42B0}.Debug|Any CPU.ActiveCfg = Debug|Any CPU
		{54F26A42-2FDA-4144-A802-B5122ABE42B0}.Debug|Any CPU.Build.0 = Debug|Any CPU
		{54F26A42-2FDA-4144-A802-B5122ABE42B0}.Release|Any CPU.ActiveCfg = Release|Any CPU
		{54F26A42-2FDA-4144-A802-B5122ABE42B0}.Release|Any CPU.Build.0 = Release|Any CPU
		{C3EEA298-69AE-4AB5-A3B0-165296C71BC9}.Debug|Any CPU.ActiveCfg = Debug|Any CPU
		{C3EEA298-69AE-4AB5-A3B0-165296C71BC9}.Debug|Any CPU.Build.0 = Debug|Any CPU
		{C3EEA298-69AE-4AB5-A3B0-165296C71BC9}.Release|Any CPU.ActiveCfg = Release|Any CPU
		{C3EEA298-69AE-4AB5-A3B0-165296C71BC9}.Release|Any CPU.Build.0 = Release|Any CPU
		{CE2BAEF2-5EFE-4C9B-96D7-4EE9E736D77A}.Debug|Any CPU.ActiveCfg = Debug|Any CPU
		{CE2BAEF2-5EFE-4C9B-96D7-4EE9E736D77A}.Debug|Any CPU.Build.0 = Debug|Any CPU
		{CE2BAEF2-5EFE-4C9B-96D7-4EE9E736D77A}.Release|Any CPU.ActiveCfg = Release|Any CPU
		{CE2BAEF2-5EFE-4C9B-96D7-4EE9E736D77A}.Release|Any CPU.Build.0 = Release|Any CPU
		{48EABF87-4606-4029-9A33-24BEBA089CFA}.Debug|Any CPU.ActiveCfg = Debug|Any CPU
		{48EABF87-4606-4029-9A33-24BEBA089CFA}.Debug|Any CPU.Build.0 = Debug|Any CPU
		{48EABF87-4606-4029-9A33-24BEBA089CFA}.Release|Any CPU.ActiveCfg = Release|Any CPU
		{48EABF87-4606-4029-9A33-24BEBA089CFA}.Release|Any CPU.Build.0 = Release|Any CPU
		{4118D1AE-5A3A-4FCD-B08A-C5CA1043DF4D}.Debug|Any CPU.ActiveCfg = Debug|Any CPU
		{4118D1AE-5A3A-4FCD-B08A-C5CA1043DF4D}.Debug|Any CPU.Build.0 = Debug|Any CPU
		{4118D1AE-5A3A-4FCD-B08A-C5CA1043DF4D}.Release|Any CPU.ActiveCfg = Release|Any CPU
		{4118D1AE-5A3A-4FCD-B08A-C5CA1043DF4D}.Release|Any CPU.Build.0 = Release|Any CPU
		{2F51D155-179A-4DF2-8B4B-C9C7A54ECBDD}.Debug|Any CPU.ActiveCfg = Debug|Any CPU
		{2F51D155-179A-4DF2-8B4B-C9C7A54ECBDD}.Debug|Any CPU.Build.0 = Debug|Any CPU
		{2F51D155-179A-4DF2-8B4B-C9C7A54ECBDD}.Release|Any CPU.ActiveCfg = Release|Any CPU
		{2F51D155-179A-4DF2-8B4B-C9C7A54ECBDD}.Release|Any CPU.Build.0 = Release|Any CPU
		{19FF3A4E-139A-46AA-B2E4-8A209E4C237F}.Debug|Any CPU.ActiveCfg = Debug|Any CPU
		{19FF3A4E-139A-46AA-B2E4-8A209E4C237F}.Debug|Any CPU.Build.0 = Debug|Any CPU
		{19FF3A4E-139A-46AA-B2E4-8A209E4C237F}.Release|Any CPU.ActiveCfg = Release|Any CPU
		{19FF3A4E-139A-46AA-B2E4-8A209E4C237F}.Release|Any CPU.Build.0 = Release|Any CPU
		{C43EF840-BC0D-4B0B-9A66-A0B394623C4D}.Debug|Any CPU.ActiveCfg = Debug|Any CPU
		{C43EF840-BC0D-4B0B-9A66-A0B394623C4D}.Debug|Any CPU.Build.0 = Debug|Any CPU
		{C43EF840-BC0D-4B0B-9A66-A0B394623C4D}.Release|Any CPU.ActiveCfg = Release|Any CPU
		{C43EF840-BC0D-4B0B-9A66-A0B394623C4D}.Release|Any CPU.Build.0 = Release|Any CPU
		{AB399E7A-FE87-48B9-9730-5C497F9A2A70}.Debug|Any CPU.ActiveCfg = Debug|Any CPU
		{AB399E7A-FE87-48B9-9730-5C497F9A2A70}.Debug|Any CPU.Build.0 = Debug|Any CPU
		{AB399E7A-FE87-48B9-9730-5C497F9A2A70}.Release|Any CPU.ActiveCfg = Release|Any CPU
		{AB399E7A-FE87-48B9-9730-5C497F9A2A70}.Release|Any CPU.Build.0 = Release|Any CPU
		{3856B451-C10D-484E-8DF7-80A59EAC92E3}.Debug|Any CPU.ActiveCfg = Debug|Any CPU
		{3856B451-C10D-484E-8DF7-80A59EAC92E3}.Debug|Any CPU.Build.0 = Debug|Any CPU
		{3856B451-C10D-484E-8DF7-80A59EAC92E3}.Release|Any CPU.ActiveCfg = Release|Any CPU
		{3856B451-C10D-484E-8DF7-80A59EAC92E3}.Release|Any CPU.Build.0 = Release|Any CPU
		{AC5CDC85-A330-44B2-8635-26B169CDB85B}.Debug|Any CPU.ActiveCfg = Debug|Any CPU
		{AC5CDC85-A330-44B2-8635-26B169CDB85B}.Debug|Any CPU.Build.0 = Debug|Any CPU
		{AC5CDC85-A330-44B2-8635-26B169CDB85B}.Release|Any CPU.ActiveCfg = Release|Any CPU
		{AC5CDC85-A330-44B2-8635-26B169CDB85B}.Release|Any CPU.Build.0 = Release|Any CPU
		{CCEC7431-475E-4B41-9332-7C7E62FC2F32}.Debug|Any CPU.ActiveCfg = Debug|Any CPU
		{CCEC7431-475E-4B41-9332-7C7E62FC2F32}.Debug|Any CPU.Build.0 = Debug|Any CPU
		{CCEC7431-475E-4B41-9332-7C7E62FC2F32}.Release|Any CPU.ActiveCfg = Release|Any CPU
		{CCEC7431-475E-4B41-9332-7C7E62FC2F32}.Release|Any CPU.Build.0 = Release|Any CPU
		{19F635F9-061A-4B83-85A8-04E4227CF925}.Debug|Any CPU.ActiveCfg = Debug|Any CPU
		{19F635F9-061A-4B83-85A8-04E4227CF925}.Debug|Any CPU.Build.0 = Debug|Any CPU
		{19F635F9-061A-4B83-85A8-04E4227CF925}.Release|Any CPU.ActiveCfg = Release|Any CPU
		{19F635F9-061A-4B83-85A8-04E4227CF925}.Release|Any CPU.Build.0 = Release|Any CPU
		{6E4CDDAA-2DE5-474C-B43D-E09B8015D9B1}.Debug|Any CPU.ActiveCfg = Debug|Any CPU
		{6E4CDDAA-2DE5-474C-B43D-E09B8015D9B1}.Debug|Any CPU.Build.0 = Debug|Any CPU
		{6E4CDDAA-2DE5-474C-B43D-E09B8015D9B1}.Release|Any CPU.ActiveCfg = Release|Any CPU
		{6E4CDDAA-2DE5-474C-B43D-E09B8015D9B1}.Release|Any CPU.Build.0 = Release|Any CPU
		{40BA13E6-F783-40F3-8509-B521A21AC380}.Debug|Any CPU.ActiveCfg = Debug|Any CPU
		{40BA13E6-F783-40F3-8509-B521A21AC380}.Debug|Any CPU.Build.0 = Debug|Any CPU
		{40BA13E6-F783-40F3-8509-B521A21AC380}.Release|Any CPU.ActiveCfg = Release|Any CPU
		{40BA13E6-F783-40F3-8509-B521A21AC380}.Release|Any CPU.Build.0 = Release|Any CPU
	EndGlobalSection
	GlobalSection(SolutionProperties) = preSolution
		HideSolutionNode = FALSE
	EndGlobalSection
	GlobalSection(NestedProjects) = preSolution
		{13F494E7-6DAC-4D06-9DAE-F4D3A93F1119} = {EF1FB285-09F0-4D22-B360-2A299F08E304}
		{231C64A5-0EAE-46CC-9149-F8BF77F00B63} = {EF1FB285-09F0-4D22-B360-2A299F08E304}
		{908C001F-B9B4-4A46-881F-F1FDBA7A7CC0} = {EF1FB285-09F0-4D22-B360-2A299F08E304}
		{1B1F9631-E0F8-4298-90B1-DA30913604A8} = {EF1FB285-09F0-4D22-B360-2A299F08E304}
		{A1DABC83-965D-408D-9181-CA0DCDCAB639} = {EF1FB285-09F0-4D22-B360-2A299F08E304}
		{C82AF99B-0B6E-46DE-BC08-56D3C180DD78} = {EF1FB285-09F0-4D22-B360-2A299F08E304}
		{A6CCCBE7-F256-4FC2-811F-5738644965A5} = {E51DF2B3-DB11-4C7A-BACD-802B6B602252}
		{54F26A42-2FDA-4144-A802-B5122ABE42B0} = {6104B755-0E5D-43C2-91F5-B4F676C1E858}
		{C3EEA298-69AE-4AB5-A3B0-165296C71BC9} = {6104B755-0E5D-43C2-91F5-B4F676C1E858}
		{CE2BAEF2-5EFE-4C9B-96D7-4EE9E736D77A} = {6104B755-0E5D-43C2-91F5-B4F676C1E858}
		{48EABF87-4606-4029-9A33-24BEBA089CFA} = {6104B755-0E5D-43C2-91F5-B4F676C1E858}
		{4118D1AE-5A3A-4FCD-B08A-C5CA1043DF4D} = {6104B755-0E5D-43C2-91F5-B4F676C1E858}
		{2F51D155-179A-4DF2-8B4B-C9C7A54ECBDD} = {6104B755-0E5D-43C2-91F5-B4F676C1E858}
		{19FF3A4E-139A-46AA-B2E4-8A209E4C237F} = {6104B755-0E5D-43C2-91F5-B4F676C1E858}
		{C43EF840-BC0D-4B0B-9A66-A0B394623C4D} = {6104B755-0E5D-43C2-91F5-B4F676C1E858}
		{AB399E7A-FE87-48B9-9730-5C497F9A2A70} = {6104B755-0E5D-43C2-91F5-B4F676C1E858}
		{3856B451-C10D-484E-8DF7-80A59EAC92E3} = {6104B755-0E5D-43C2-91F5-B4F676C1E858}
		{AC5CDC85-A330-44B2-8635-26B169CDB85B} = {8FE4291E-6F74-4C29-833F-46E7D05E01A9}
		{CCEC7431-475E-4B41-9332-7C7E62FC2F32} = {8FE4291E-6F74-4C29-833F-46E7D05E01A9}
		{19F635F9-061A-4B83-85A8-04E4227CF925} = {8FE4291E-6F74-4C29-833F-46E7D05E01A9}
		{6E4CDDAA-2DE5-474C-B43D-E09B8015D9B1} = {8FE4291E-6F74-4C29-833F-46E7D05E01A9}
		{40BA13E6-F783-40F3-8509-B521A21AC380} = {8FE4291E-6F74-4C29-833F-46E7D05E01A9}
	EndGlobalSection
	GlobalSection(ExtensibilityGlobals) = postSolution
		SolutionGuid = {4DE9BA25-D100-42A3-A4F9-C9E35D217944}
	EndGlobalSection
EndGlobal
